// !$*UTF8*$!
{
	archiveVersion = 1;
	classes = {
	};
	objectVersion = 55;
	objects = {

/* Begin PBXBuildFile section */
		1B8F932D28E17BEF0021DCED /* TeacherCourseView + SetupUI.swift in Sources */ = {isa = PBXBuildFile; fileRef = 1B8F932C28E17BEF0021DCED /* TeacherCourseView + SetupUI.swift */; };
		1B8F932F28E17D030021DCED /* ContactTelegramTableViewHeader.swift in Sources */ = {isa = PBXBuildFile; fileRef = 1B8F932E28E17D030021DCED /* ContactTelegramTableViewHeader.swift */; };
		1BCEAB7828E8CB2300FC9821 /* TeacherCourseTableViewSectionHeader.swift in Sources */ = {isa = PBXBuildFile; fileRef = 1BCEAB7728E8CB2300FC9821 /* TeacherCourseTableViewSectionHeader.swift */; };
		1BD5F2D028E31547007CC6E5 /* FirebaseDatabase in Frameworks */ = {isa = PBXBuildFile; productRef = 1BD5F2CF28E31547007CC6E5 /* FirebaseDatabase */; };
		1BD5F2D228E31547007CC6E5 /* FirebaseDatabaseSwift in Frameworks */ = {isa = PBXBuildFile; productRef = 1BD5F2D128E31547007CC6E5 /* FirebaseDatabaseSwift */; };
		1BD5F2D428E31547007CC6E5 /* FirebaseFirestore in Frameworks */ = {isa = PBXBuildFile; productRef = 1BD5F2D328E31547007CC6E5 /* FirebaseFirestore */; };
		1BD5F2D628E31547007CC6E5 /* FirebaseFirestoreSwift in Frameworks */ = {isa = PBXBuildFile; productRef = 1BD5F2D528E31547007CC6E5 /* FirebaseFirestoreSwift */; };
		1BD5F2D828E31547007CC6E5 /* FirebaseStorage in Frameworks */ = {isa = PBXBuildFile; productRef = 1BD5F2D728E31547007CC6E5 /* FirebaseStorage */; };
		1BD5F2DB28E31924007CC6E5 /* APIManager.swift in Sources */ = {isa = PBXBuildFile; fileRef = 1BD5F2DA28E31924007CC6E5 /* APIManager.swift */; };
		1BD5F2DD28E31A01007CC6E5 /* DataModel.swift in Sources */ = {isa = PBXBuildFile; fileRef = 1BD5F2DC28E31A01007CC6E5 /* DataModel.swift */; };
		1BD5F2DF28E38F58007CC6E5 /* TeacherCourseView + Extensions.swift in Sources */ = {isa = PBXBuildFile; fileRef = 1BD5F2DE28E38F58007CC6E5 /* TeacherCourseView + Extensions.swift */; };
		1BD5F2E128E38FB8007CC6E5 /* TeacherCourseTableViewCell.swift in Sources */ = {isa = PBXBuildFile; fileRef = 1BD5F2E028E38FB8007CC6E5 /* TeacherCourseTableViewCell.swift */; };
		1BD5F2E628E6D8E3007CC6E5 /* UIButton+UIImageExtension.swift in Sources */ = {isa = PBXBuildFile; fileRef = 1BD5F2E428E6D8E3007CC6E5 /* UIButton+UIImageExtension.swift */; };
		1BD5F2E728E6D8E3007CC6E5 /* UIColorExtensions.swift in Sources */ = {isa = PBXBuildFile; fileRef = 1BD5F2E528E6D8E3007CC6E5 /* UIColorExtensions.swift */; };
		1BE9777828E9C2A20063B93E /* DataModelFromFB.swift in Sources */ = {isa = PBXBuildFile; fileRef = 1BE9777728E9C2A20063B93E /* DataModelFromFB.swift */; };
		1BE9777A28EA0D580063B93E /* UIViewExtensions.swift in Sources */ = {isa = PBXBuildFile; fileRef = 1BE9777928EA0D580063B93E /* UIViewExtensions.swift */; };
		1BF6DAD728CC639300A39EBA /* AppDelegate.swift in Sources */ = {isa = PBXBuildFile; fileRef = 1BF6DAD628CC639300A39EBA /* AppDelegate.swift */; };
		1BF6DAD928CC639300A39EBA /* SceneDelegate.swift in Sources */ = {isa = PBXBuildFile; fileRef = 1BF6DAD828CC639300A39EBA /* SceneDelegate.swift */; };
		1BF6DAE028CC639400A39EBA /* Assets.xcassets in Resources */ = {isa = PBXBuildFile; fileRef = 1BF6DADF28CC639400A39EBA /* Assets.xcassets */; };
		1BF6DAE328CC639400A39EBA /* LaunchScreen.storyboard in Resources */ = {isa = PBXBuildFile; fileRef = 1BF6DAE128CC639400A39EBA /* LaunchScreen.storyboard */; };
		1BF6DAF728CC67C400A39EBA /* TeacherCourseView.swift in Sources */ = {isa = PBXBuildFile; fileRef = 1BF6DAF628CC67C400A39EBA /* TeacherCourseView.swift */; };
		1BF6DAF928CC67D600A39EBA /* TeacherCourseInteractor.swift in Sources */ = {isa = PBXBuildFile; fileRef = 1BF6DAF828CC67D600A39EBA /* TeacherCourseInteractor.swift */; };
		1BF6DAFB28CC67E800A39EBA /* TeacherCoursePresenter.swift in Sources */ = {isa = PBXBuildFile; fileRef = 1BF6DAFA28CC67E800A39EBA /* TeacherCoursePresenter.swift */; };
		1BF6DAFD28CC67FC00A39EBA /* TeacherCourseRouter.swift in Sources */ = {isa = PBXBuildFile; fileRef = 1BF6DAFC28CC67FC00A39EBA /* TeacherCourseRouter.swift */; };
		1BF6DAFF28CC681700A39EBA /* TeacherPaywallView.swift in Sources */ = {isa = PBXBuildFile; fileRef = 1BF6DAFE28CC681700A39EBA /* TeacherPaywallView.swift */; };
		1BF6DB0128CC682A00A39EBA /* TeacherPaywallPresenter.swift in Sources */ = {isa = PBXBuildFile; fileRef = 1BF6DB0028CC682A00A39EBA /* TeacherPaywallPresenter.swift */; };
		1BF6DB0328CC683700A39EBA /* TeacherPaywallInteractor.swift in Sources */ = {isa = PBXBuildFile; fileRef = 1BF6DB0228CC683700A39EBA /* TeacherPaywallInteractor.swift */; };
		1BF6DB0528CC684400A39EBA /* TeacherPaywallRouter.swift in Sources */ = {isa = PBXBuildFile; fileRef = 1BF6DB0428CC684400A39EBA /* TeacherPaywallRouter.swift */; };
		1BF6DB0728CC7ED600A39EBA /* TeacherCourseModuleBuilder.swift in Sources */ = {isa = PBXBuildFile; fileRef = 1BF6DB0628CC7ED600A39EBA /* TeacherCourseModuleBuilder.swift */; };
		1BF6DB0928CC8DDA00A39EBA /* NavigationBuilder.swift in Sources */ = {isa = PBXBuildFile; fileRef = 1BF6DB0828CC8DDA00A39EBA /* NavigationBuilder.swift */; };
		1BF6DB0B28CCA4D000A39EBA /* TacherPaywallModuleBuilder.swift in Sources */ = {isa = PBXBuildFile; fileRef = 1BF6DB0A28CCA4D000A39EBA /* TacherPaywallModuleBuilder.swift */; };
		1BF6DB0D28CCA8E800A39EBA /* TeaherPaywallView + SetupUI.swift in Sources */ = {isa = PBXBuildFile; fileRef = 1BF6DB0C28CCA8E800A39EBA /* TeaherPaywallView + SetupUI.swift */; };
		1BF6DB0F28CCADBF00A39EBA /* TeacherFeaturesCollectionView.swift in Sources */ = {isa = PBXBuildFile; fileRef = 1BF6DB0E28CCADBF00A39EBA /* TeacherFeaturesCollectionView.swift */; };
		1BF6DB1128CCAE8900A39EBA /* TeacherFeaturesCell.swift in Sources */ = {isa = PBXBuildFile; fileRef = 1BF6DB1028CCAE8900A39EBA /* TeacherFeaturesCell.swift */; };
		1BF6DB1328CCAEB000A39EBA /* FeatureModel.swift in Sources */ = {isa = PBXBuildFile; fileRef = 1BF6DB1228CCAEB000A39EBA /* FeatureModel.swift */; };
/* End PBXBuildFile section */

/* Begin PBXFileReference section */
		1B8F932C28E17BEF0021DCED /* TeacherCourseView + SetupUI.swift */ = {isa = PBXFileReference; lastKnownFileType = sourcecode.swift; path = "TeacherCourseView + SetupUI.swift"; sourceTree = "<group>"; };
		1B8F932E28E17D030021DCED /* ContactTelegramTableViewHeader.swift */ = {isa = PBXFileReference; lastKnownFileType = sourcecode.swift; path = ContactTelegramTableViewHeader.swift; sourceTree = "<group>"; };
		1BCEAB7728E8CB2300FC9821 /* TeacherCourseTableViewSectionHeader.swift */ = {isa = PBXFileReference; lastKnownFileType = sourcecode.swift; path = TeacherCourseTableViewSectionHeader.swift; sourceTree = "<group>"; };
		1BD5F2DA28E31924007CC6E5 /* APIManager.swift */ = {isa = PBXFileReference; lastKnownFileType = sourcecode.swift; path = APIManager.swift; sourceTree = "<group>"; };
		1BD5F2DC28E31A01007CC6E5 /* DataModel.swift */ = {isa = PBXFileReference; lastKnownFileType = sourcecode.swift; path = DataModel.swift; sourceTree = "<group>"; };
		1BD5F2DE28E38F58007CC6E5 /* TeacherCourseView + Extensions.swift */ = {isa = PBXFileReference; lastKnownFileType = sourcecode.swift; path = "TeacherCourseView + Extensions.swift"; sourceTree = "<group>"; };
		1BD5F2E028E38FB8007CC6E5 /* TeacherCourseTableViewCell.swift */ = {isa = PBXFileReference; lastKnownFileType = sourcecode.swift; path = TeacherCourseTableViewCell.swift; sourceTree = "<group>"; };
		1BD5F2E428E6D8E3007CC6E5 /* UIButton+UIImageExtension.swift */ = {isa = PBXFileReference; fileEncoding = 4; lastKnownFileType = sourcecode.swift; path = "UIButton+UIImageExtension.swift"; sourceTree = "<group>"; };
		1BD5F2E528E6D8E3007CC6E5 /* UIColorExtensions.swift */ = {isa = PBXFileReference; fileEncoding = 4; lastKnownFileType = sourcecode.swift; path = UIColorExtensions.swift; sourceTree = "<group>"; };
		1BE9777728E9C2A20063B93E /* DataModelFromFB.swift */ = {isa = PBXFileReference; lastKnownFileType = sourcecode.swift; path = DataModelFromFB.swift; sourceTree = "<group>"; };
		1BE9777928EA0D580063B93E /* UIViewExtensions.swift */ = {isa = PBXFileReference; lastKnownFileType = sourcecode.swift; path = UIViewExtensions.swift; sourceTree = "<group>"; };
		1BF6DAD328CC639300A39EBA /* TeacherScene.app */ = {isa = PBXFileReference; explicitFileType = wrapper.application; includeInIndex = 0; path = TeacherScene.app; sourceTree = BUILT_PRODUCTS_DIR; };
		1BF6DAD628CC639300A39EBA /* AppDelegate.swift */ = {isa = PBXFileReference; lastKnownFileType = sourcecode.swift; path = AppDelegate.swift; sourceTree = "<group>"; };
		1BF6DAD828CC639300A39EBA /* SceneDelegate.swift */ = {isa = PBXFileReference; lastKnownFileType = sourcecode.swift; path = SceneDelegate.swift; sourceTree = "<group>"; };
		1BF6DADF28CC639400A39EBA /* Assets.xcassets */ = {isa = PBXFileReference; lastKnownFileType = folder.assetcatalog; path = Assets.xcassets; sourceTree = "<group>"; };
		1BF6DAE228CC639400A39EBA /* Base */ = {isa = PBXFileReference; lastKnownFileType = file.storyboard; name = Base; path = Base.lproj/LaunchScreen.storyboard; sourceTree = "<group>"; };
		1BF6DAE428CC639400A39EBA /* Info.plist */ = {isa = PBXFileReference; lastKnownFileType = text.plist.xml; path = Info.plist; sourceTree = "<group>"; };
		1BF6DAF628CC67C400A39EBA /* TeacherCourseView.swift */ = {isa = PBXFileReference; lastKnownFileType = sourcecode.swift; path = TeacherCourseView.swift; sourceTree = "<group>"; };
		1BF6DAF828CC67D600A39EBA /* TeacherCourseInteractor.swift */ = {isa = PBXFileReference; lastKnownFileType = sourcecode.swift; path = TeacherCourseInteractor.swift; sourceTree = "<group>"; };
		1BF6DAFA28CC67E800A39EBA /* TeacherCoursePresenter.swift */ = {isa = PBXFileReference; lastKnownFileType = sourcecode.swift; path = TeacherCoursePresenter.swift; sourceTree = "<group>"; };
		1BF6DAFC28CC67FC00A39EBA /* TeacherCourseRouter.swift */ = {isa = PBXFileReference; lastKnownFileType = sourcecode.swift; path = TeacherCourseRouter.swift; sourceTree = "<group>"; };
		1BF6DAFE28CC681700A39EBA /* TeacherPaywallView.swift */ = {isa = PBXFileReference; lastKnownFileType = sourcecode.swift; path = TeacherPaywallView.swift; sourceTree = "<group>"; };
		1BF6DB0028CC682A00A39EBA /* TeacherPaywallPresenter.swift */ = {isa = PBXFileReference; lastKnownFileType = sourcecode.swift; path = TeacherPaywallPresenter.swift; sourceTree = "<group>"; };
		1BF6DB0228CC683700A39EBA /* TeacherPaywallInteractor.swift */ = {isa = PBXFileReference; lastKnownFileType = sourcecode.swift; path = TeacherPaywallInteractor.swift; sourceTree = "<group>"; };
		1BF6DB0428CC684400A39EBA /* TeacherPaywallRouter.swift */ = {isa = PBXFileReference; lastKnownFileType = sourcecode.swift; path = TeacherPaywallRouter.swift; sourceTree = "<group>"; };
		1BF6DB0628CC7ED600A39EBA /* TeacherCourseModuleBuilder.swift */ = {isa = PBXFileReference; lastKnownFileType = sourcecode.swift; path = TeacherCourseModuleBuilder.swift; sourceTree = "<group>"; };
		1BF6DB0828CC8DDA00A39EBA /* NavigationBuilder.swift */ = {isa = PBXFileReference; lastKnownFileType = sourcecode.swift; path = NavigationBuilder.swift; sourceTree = "<group>"; };
		1BF6DB0A28CCA4D000A39EBA /* TacherPaywallModuleBuilder.swift */ = {isa = PBXFileReference; lastKnownFileType = sourcecode.swift; path = TacherPaywallModuleBuilder.swift; sourceTree = "<group>"; };
		1BF6DB0C28CCA8E800A39EBA /* TeaherPaywallView + SetupUI.swift */ = {isa = PBXFileReference; lastKnownFileType = sourcecode.swift; path = "TeaherPaywallView + SetupUI.swift"; sourceTree = "<group>"; };
		1BF6DB0E28CCADBF00A39EBA /* TeacherFeaturesCollectionView.swift */ = {isa = PBXFileReference; lastKnownFileType = sourcecode.swift; path = TeacherFeaturesCollectionView.swift; sourceTree = "<group>"; };
		1BF6DB1028CCAE8900A39EBA /* TeacherFeaturesCell.swift */ = {isa = PBXFileReference; lastKnownFileType = sourcecode.swift; path = TeacherFeaturesCell.swift; sourceTree = "<group>"; };
		1BF6DB1228CCAEB000A39EBA /* FeatureModel.swift */ = {isa = PBXFileReference; lastKnownFileType = sourcecode.swift; path = FeatureModel.swift; sourceTree = "<group>"; };
/* End PBXFileReference section */

/* Begin PBXFrameworksBuildPhase section */
		1BF6DAD028CC639300A39EBA /* Frameworks */ = {
			isa = PBXFrameworksBuildPhase;
			buildActionMask = 2147483647;
			files = (
				1BD5F2D228E31547007CC6E5 /* FirebaseDatabaseSwift in Frameworks */,
				1BD5F2D028E31547007CC6E5 /* FirebaseDatabase in Frameworks */,
				1BD5F2D428E31547007CC6E5 /* FirebaseFirestore in Frameworks */,
				1BD5F2D828E31547007CC6E5 /* FirebaseStorage in Frameworks */,
				1BD5F2D628E31547007CC6E5 /* FirebaseFirestoreSwift in Frameworks */,
			);
			runOnlyForDeploymentPostprocessing = 0;
		};
/* End PBXFrameworksBuildPhase section */

/* Begin PBXGroup section */
		1BD5F2D928E3190D007CC6E5 /* NetServices */ = {
			isa = PBXGroup;
			children = (
				1BD5F2DA28E31924007CC6E5 /* APIManager.swift */,
			);
			path = NetServices;
			sourceTree = "<group>";
		};
		1BD5F2E228E6D8E3007CC6E5 /* Extensions */ = {
			isa = PBXGroup;
			children = (
				1BD5F2E328E6D8E3007CC6E5 /* ViewExtensions */,
				1BD5F2E528E6D8E3007CC6E5 /* UIColorExtensions.swift */,
			);
			path = Extensions;
			sourceTree = "<group>";
		};
		1BD5F2E328E6D8E3007CC6E5 /* ViewExtensions */ = {
			isa = PBXGroup;
			children = (
				1BD5F2E428E6D8E3007CC6E5 /* UIButton+UIImageExtension.swift */,
				1BE9777928EA0D580063B93E /* UIViewExtensions.swift */,
			);
			path = ViewExtensions;
			sourceTree = "<group>";
		};
		1BF6DACA28CC639300A39EBA = {
			isa = PBXGroup;
			children = (
				1BF6DAD528CC639300A39EBA /* TeacherScene */,
				1BF6DAD428CC639300A39EBA /* Products */,
			);
			sourceTree = "<group>";
		};
		1BF6DAD428CC639300A39EBA /* Products */ = {
			isa = PBXGroup;
			children = (
				1BF6DAD328CC639300A39EBA /* TeacherScene.app */,
			);
			name = Products;
			sourceTree = "<group>";
		};
		1BF6DAD528CC639300A39EBA /* TeacherScene */ = {
			isa = PBXGroup;
			children = (
				1BD5F2E228E6D8E3007CC6E5 /* Extensions */,
				1BF6DAEC28CC65B900A39EBA /* TeacherCourseScreen */,
				1BF6DAEA28CC659F00A39EBA /* TeacherPaywallModule */,
				1BF6DAD628CC639300A39EBA /* AppDelegate.swift */,
				1BF6DB0828CC8DDA00A39EBA /* NavigationBuilder.swift */,
				1BF6DAD828CC639300A39EBA /* SceneDelegate.swift */,
				1BF6DADF28CC639400A39EBA /* Assets.xcassets */,
				1BF6DAE128CC639400A39EBA /* LaunchScreen.storyboard */,
				1BF6DAE428CC639400A39EBA /* Info.plist */,
			);
			path = TeacherScene;
			sourceTree = "<group>";
		};
		1BF6DAEA28CC659F00A39EBA /* TeacherPaywallModule */ = {
			isa = PBXGroup;
			children = (
				1BF6DB0A28CCA4D000A39EBA /* TacherPaywallModuleBuilder.swift */,
				1BF6DAF028CC661D00A39EBA /* View */,
				1BF6DAEF28CC661000A39EBA /* Entity */,
				1BF6DAEE28CC660800A39EBA /* Presenter */,
				1BF6DAED28CC65FA00A39EBA /* Interactor */,
				1BF6DAEB28CC65B200A39EBA /* Router */,
			);
			path = TeacherPaywallModule;
			sourceTree = "<group>";
		};
		1BF6DAEB28CC65B200A39EBA /* Router */ = {
			isa = PBXGroup;
			children = (
				1BF6DB0428CC684400A39EBA /* TeacherPaywallRouter.swift */,
			);
			path = Router;
			sourceTree = "<group>";
		};
		1BF6DAEC28CC65B900A39EBA /* TeacherCourseScreen */ = {
			isa = PBXGroup;
			children = (
				1BF6DB0628CC7ED600A39EBA /* TeacherCourseModuleBuilder.swift */,
				1BF6DAF528CC665300A39EBA /* View */,
				1BF6DAF428CC664B00A39EBA /* Interactor */,
				1BF6DAF328CC664200A39EBA /* Presenter */,
				1BF6DAF228CC663500A39EBA /* Entity */,
				1BF6DAF128CC662F00A39EBA /* Router */,
			);
			path = TeacherCourseScreen;
			sourceTree = "<group>";
		};
		1BF6DAED28CC65FA00A39EBA /* Interactor */ = {
			isa = PBXGroup;
			children = (
				1BF6DB0228CC683700A39EBA /* TeacherPaywallInteractor.swift */,
			);
			path = Interactor;
			sourceTree = "<group>";
		};
		1BF6DAEE28CC660800A39EBA /* Presenter */ = {
			isa = PBXGroup;
			children = (
				1BF6DB0028CC682A00A39EBA /* TeacherPaywallPresenter.swift */,
			);
			path = Presenter;
			sourceTree = "<group>";
		};
		1BF6DAEF28CC661000A39EBA /* Entity */ = {
			isa = PBXGroup;
			children = (
				1BF6DB1228CCAEB000A39EBA /* FeatureModel.swift */,
			);
			path = Entity;
			sourceTree = "<group>";
		};
		1BF6DAF028CC661D00A39EBA /* View */ = {
			isa = PBXGroup;
			children = (
				1BF6DAFE28CC681700A39EBA /* TeacherPaywallView.swift */,
				1BF6DB0C28CCA8E800A39EBA /* TeaherPaywallView + SetupUI.swift */,
				1BF6DB0E28CCADBF00A39EBA /* TeacherFeaturesCollectionView.swift */,
				1BF6DB1028CCAE8900A39EBA /* TeacherFeaturesCell.swift */,
			);
			path = View;
			sourceTree = "<group>";
		};
		1BF6DAF128CC662F00A39EBA /* Router */ = {
			isa = PBXGroup;
			children = (
				1BF6DAFC28CC67FC00A39EBA /* TeacherCourseRouter.swift */,
			);
			path = Router;
			sourceTree = "<group>";
		};
		1BF6DAF228CC663500A39EBA /* Entity */ = {
			isa = PBXGroup;
			children = (
				1BD5F2DC28E31A01007CC6E5 /* DataModel.swift */,
				1BE9777728E9C2A20063B93E /* DataModelFromFB.swift */,
			);
			path = Entity;
			sourceTree = "<group>";
		};
		1BF6DAF328CC664200A39EBA /* Presenter */ = {
			isa = PBXGroup;
			children = (
				1BF6DAFA28CC67E800A39EBA /* TeacherCoursePresenter.swift */,
			);
			path = Presenter;
			sourceTree = "<group>";
		};
		1BF6DAF428CC664B00A39EBA /* Interactor */ = {
			isa = PBXGroup;
			children = (
				1BD5F2D928E3190D007CC6E5 /* NetServices */,
				1BF6DAF828CC67D600A39EBA /* TeacherCourseInteractor.swift */,
			);
			path = Interactor;
			sourceTree = "<group>";
		};
		1BF6DAF528CC665300A39EBA /* View */ = {
			isa = PBXGroup;
			children = (
				1BF6DAF628CC67C400A39EBA /* TeacherCourseView.swift */,
				1B8F932C28E17BEF0021DCED /* TeacherCourseView + SetupUI.swift */,
				1BD5F2E028E38FB8007CC6E5 /* TeacherCourseTableViewCell.swift */,
				1B8F932E28E17D030021DCED /* ContactTelegramTableViewHeader.swift */,
				1BD5F2DE28E38F58007CC6E5 /* TeacherCourseView + Extensions.swift */,
				1BCEAB7728E8CB2300FC9821 /* TeacherCourseTableViewSectionHeader.swift */,
			);
			path = View;
			sourceTree = "<group>";
		};
/* End PBXGroup section */

/* Begin PBXNativeTarget section */
		1BF6DAD228CC639300A39EBA /* TeacherScene */ = {
			isa = PBXNativeTarget;
			buildConfigurationList = 1BF6DAE728CC639400A39EBA /* Build configuration list for PBXNativeTarget "TeacherScene" */;
			buildPhases = (
				1BF6DACF28CC639300A39EBA /* Sources */,
				1BF6DAD028CC639300A39EBA /* Frameworks */,
				1BF6DAD128CC639300A39EBA /* Resources */,
			);
			buildRules = (
			);
			dependencies = (
			);
			name = TeacherScene;
			packageProductDependencies = (
				1BD5F2CF28E31547007CC6E5 /* FirebaseDatabase */,
				1BD5F2D128E31547007CC6E5 /* FirebaseDatabaseSwift */,
				1BD5F2D328E31547007CC6E5 /* FirebaseFirestore */,
				1BD5F2D528E31547007CC6E5 /* FirebaseFirestoreSwift */,
				1BD5F2D728E31547007CC6E5 /* FirebaseStorage */,
			);
			productName = TeacherScene;
			productReference = 1BF6DAD328CC639300A39EBA /* TeacherScene.app */;
			productType = "com.apple.product-type.application";
		};
/* End PBXNativeTarget section */

/* Begin PBXProject section */
		1BF6DACB28CC639300A39EBA /* Project object */ = {
			isa = PBXProject;
			attributes = {
				BuildIndependentTargetsInParallel = 1;
				LastSwiftUpdateCheck = 1340;
				LastUpgradeCheck = 1340;
				TargetAttributes = {
					1BF6DAD228CC639300A39EBA = {
						CreatedOnToolsVersion = 13.4.1;
					};
				};
			};
			buildConfigurationList = 1BF6DACE28CC639300A39EBA /* Build configuration list for PBXProject "TeacherScene" */;
			compatibilityVersion = "Xcode 13.0";
			developmentRegion = en;
			hasScannedForEncodings = 0;
			knownRegions = (
				en,
				Base,
			);
			mainGroup = 1BF6DACA28CC639300A39EBA;
			packageReferences = (
				1BD5F2CE28E31546007CC6E5 /* XCRemoteSwiftPackageReference "firebase-ios-sdk" */,
			);
			productRefGroup = 1BF6DAD428CC639300A39EBA /* Products */;
			projectDirPath = "";
			projectRoot = "";
			targets = (
				1BF6DAD228CC639300A39EBA /* TeacherScene */,
			);
		};
/* End PBXProject section */

/* Begin PBXResourcesBuildPhase section */
		1BF6DAD128CC639300A39EBA /* Resources */ = {
			isa = PBXResourcesBuildPhase;
			buildActionMask = 2147483647;
			files = (
				1BF6DAE328CC639400A39EBA /* LaunchScreen.storyboard in Resources */,
				1BF6DAE028CC639400A39EBA /* Assets.xcassets in Resources */,
			);
			runOnlyForDeploymentPostprocessing = 0;
		};
/* End PBXResourcesBuildPhase section */

/* Begin PBXSourcesBuildPhase section */
		1BF6DACF28CC639300A39EBA /* Sources */ = {
			isa = PBXSourcesBuildPhase;
			buildActionMask = 2147483647;
			files = (
				1BF6DAD728CC639300A39EBA /* AppDelegate.swift in Sources */,
				1BD5F2DF28E38F58007CC6E5 /* TeacherCourseView + Extensions.swift in Sources */,
				1BF6DB0F28CCADBF00A39EBA /* TeacherFeaturesCollectionView.swift in Sources */,
				1B8F932D28E17BEF0021DCED /* TeacherCourseView + SetupUI.swift in Sources */,
				1BF6DB0728CC7ED600A39EBA /* TeacherCourseModuleBuilder.swift in Sources */,
				1BF6DAFB28CC67E800A39EBA /* TeacherCoursePresenter.swift in Sources */,
				1BF6DB1328CCAEB000A39EBA /* FeatureModel.swift in Sources */,
				1BF6DAF728CC67C400A39EBA /* TeacherCourseView.swift in Sources */,
				1BF6DB0D28CCA8E800A39EBA /* TeaherPaywallView + SetupUI.swift in Sources */,
				1BE9777828E9C2A20063B93E /* DataModelFromFB.swift in Sources */,
				1BD5F2E728E6D8E3007CC6E5 /* UIColorExtensions.swift in Sources */,
				1B8F932F28E17D030021DCED /* ContactTelegramTableViewHeader.swift in Sources */,
				1BF6DB0128CC682A00A39EBA /* TeacherPaywallPresenter.swift in Sources */,
				1BF6DB0928CC8DDA00A39EBA /* NavigationBuilder.swift in Sources */,
				1BF6DAFF28CC681700A39EBA /* TeacherPaywallView.swift in Sources */,
				1BD5F2E628E6D8E3007CC6E5 /* UIButton+UIImageExtension.swift in Sources */,
				1BD5F2DB28E31924007CC6E5 /* APIManager.swift in Sources */,
				1BCEAB7828E8CB2300FC9821 /* TeacherCourseTableViewSectionHeader.swift in Sources */,
				1BF6DAF928CC67D600A39EBA /* TeacherCourseInteractor.swift in Sources */,
				1BD5F2DD28E31A01007CC6E5 /* DataModel.swift in Sources */,
				1BF6DAD928CC639300A39EBA /* SceneDelegate.swift in Sources */,
				1BF6DB0328CC683700A39EBA /* TeacherPaywallInteractor.swift in Sources */,
				1BE9777A28EA0D580063B93E /* UIViewExtensions.swift in Sources */,
				1BF6DB0528CC684400A39EBA /* TeacherPaywallRouter.swift in Sources */,
				1BD5F2E128E38FB8007CC6E5 /* TeacherCourseTableViewCell.swift in Sources */,
				1BF6DB0B28CCA4D000A39EBA /* TacherPaywallModuleBuilder.swift in Sources */,
				1BF6DAFD28CC67FC00A39EBA /* TeacherCourseRouter.swift in Sources */,
				1BF6DB1128CCAE8900A39EBA /* TeacherFeaturesCell.swift in Sources */,
			);
			runOnlyForDeploymentPostprocessing = 0;
		};
/* End PBXSourcesBuildPhase section */

/* Begin PBXVariantGroup section */
		1BF6DAE128CC639400A39EBA /* LaunchScreen.storyboard */ = {
			isa = PBXVariantGroup;
			children = (
				1BF6DAE228CC639400A39EBA /* Base */,
			);
			name = LaunchScreen.storyboard;
			sourceTree = "<group>";
		};
/* End PBXVariantGroup section */

/* Begin XCBuildConfiguration section */
		1BF6DAE528CC639400A39EBA /* Debug */ = {
			isa = XCBuildConfiguration;
			buildSettings = {
				ALWAYS_SEARCH_USER_PATHS = NO;
				CLANG_ANALYZER_NONNULL = YES;
				CLANG_ANALYZER_NUMBER_OBJECT_CONVERSION = YES_AGGRESSIVE;
				CLANG_CXX_LANGUAGE_STANDARD = "gnu++17";
				CLANG_ENABLE_MODULES = YES;
				CLANG_ENABLE_OBJC_ARC = YES;
				CLANG_ENABLE_OBJC_WEAK = YES;
				CLANG_WARN_BLOCK_CAPTURE_AUTORELEASING = YES;
				CLANG_WARN_BOOL_CONVERSION = YES;
				CLANG_WARN_COMMA = YES;
				CLANG_WARN_CONSTANT_CONVERSION = YES;
				CLANG_WARN_DEPRECATED_OBJC_IMPLEMENTATIONS = YES;
				CLANG_WARN_DIRECT_OBJC_ISA_USAGE = YES_ERROR;
				CLANG_WARN_DOCUMENTATION_COMMENTS = YES;
				CLANG_WARN_EMPTY_BODY = YES;
				CLANG_WARN_ENUM_CONVERSION = YES;
				CLANG_WARN_INFINITE_RECURSION = YES;
				CLANG_WARN_INT_CONVERSION = YES;
				CLANG_WARN_NON_LITERAL_NULL_CONVERSION = YES;
				CLANG_WARN_OBJC_IMPLICIT_RETAIN_SELF = YES;
				CLANG_WARN_OBJC_LITERAL_CONVERSION = YES;
				CLANG_WARN_OBJC_ROOT_CLASS = YES_ERROR;
				CLANG_WARN_QUOTED_INCLUDE_IN_FRAMEWORK_HEADER = YES;
				CLANG_WARN_RANGE_LOOP_ANALYSIS = YES;
				CLANG_WARN_STRICT_PROTOTYPES = YES;
				CLANG_WARN_SUSPICIOUS_MOVE = YES;
				CLANG_WARN_UNGUARDED_AVAILABILITY = YES_AGGRESSIVE;
				CLANG_WARN_UNREACHABLE_CODE = YES;
				CLANG_WARN__DUPLICATE_METHOD_MATCH = YES;
				COPY_PHASE_STRIP = NO;
				DEBUG_INFORMATION_FORMAT = dwarf;
				ENABLE_STRICT_OBJC_MSGSEND = YES;
				ENABLE_TESTABILITY = YES;
				GCC_C_LANGUAGE_STANDARD = gnu11;
				GCC_DYNAMIC_NO_PIC = NO;
				GCC_NO_COMMON_BLOCKS = YES;
				GCC_OPTIMIZATION_LEVEL = 0;
				GCC_PREPROCESSOR_DEFINITIONS = (
					"DEBUG=1",
					"$(inherited)",
				);
				GCC_WARN_64_TO_32_BIT_CONVERSION = YES;
				GCC_WARN_ABOUT_RETURN_TYPE = YES_ERROR;
				GCC_WARN_UNDECLARED_SELECTOR = YES;
				GCC_WARN_UNINITIALIZED_AUTOS = YES_AGGRESSIVE;
				GCC_WARN_UNUSED_FUNCTION = YES;
				GCC_WARN_UNUSED_VARIABLE = YES;
				IPHONEOS_DEPLOYMENT_TARGET = 13.0;
				MTL_ENABLE_DEBUG_INFO = INCLUDE_SOURCE;
				MTL_FAST_MATH = YES;
				ONLY_ACTIVE_ARCH = YES;
				SDKROOT = iphoneos;
				SWIFT_ACTIVE_COMPILATION_CONDITIONS = DEBUG;
				SWIFT_OPTIMIZATION_LEVEL = "-Onone";
			};
			name = Debug;
		};
		1BF6DAE628CC639400A39EBA /* Release */ = {
			isa = XCBuildConfiguration;
			buildSettings = {
				ALWAYS_SEARCH_USER_PATHS = NO;
				CLANG_ANALYZER_NONNULL = YES;
				CLANG_ANALYZER_NUMBER_OBJECT_CONVERSION = YES_AGGRESSIVE;
				CLANG_CXX_LANGUAGE_STANDARD = "gnu++17";
				CLANG_ENABLE_MODULES = YES;
				CLANG_ENABLE_OBJC_ARC = YES;
				CLANG_ENABLE_OBJC_WEAK = YES;
				CLANG_WARN_BLOCK_CAPTURE_AUTORELEASING = YES;
				CLANG_WARN_BOOL_CONVERSION = YES;
				CLANG_WARN_COMMA = YES;
				CLANG_WARN_CONSTANT_CONVERSION = YES;
				CLANG_WARN_DEPRECATED_OBJC_IMPLEMENTATIONS = YES;
				CLANG_WARN_DIRECT_OBJC_ISA_USAGE = YES_ERROR;
				CLANG_WARN_DOCUMENTATION_COMMENTS = YES;
				CLANG_WARN_EMPTY_BODY = YES;
				CLANG_WARN_ENUM_CONVERSION = YES;
				CLANG_WARN_INFINITE_RECURSION = YES;
				CLANG_WARN_INT_CONVERSION = YES;
				CLANG_WARN_NON_LITERAL_NULL_CONVERSION = YES;
				CLANG_WARN_OBJC_IMPLICIT_RETAIN_SELF = YES;
				CLANG_WARN_OBJC_LITERAL_CONVERSION = YES;
				CLANG_WARN_OBJC_ROOT_CLASS = YES_ERROR;
				CLANG_WARN_QUOTED_INCLUDE_IN_FRAMEWORK_HEADER = YES;
				CLANG_WARN_RANGE_LOOP_ANALYSIS = YES;
				CLANG_WARN_STRICT_PROTOTYPES = YES;
				CLANG_WARN_SUSPICIOUS_MOVE = YES;
				CLANG_WARN_UNGUARDED_AVAILABILITY = YES_AGGRESSIVE;
				CLANG_WARN_UNREACHABLE_CODE = YES;
				CLANG_WARN__DUPLICATE_METHOD_MATCH = YES;
				COPY_PHASE_STRIP = NO;
				DEBUG_INFORMATION_FORMAT = "dwarf-with-dsym";
				ENABLE_NS_ASSERTIONS = NO;
				ENABLE_STRICT_OBJC_MSGSEND = YES;
				GCC_C_LANGUAGE_STANDARD = gnu11;
				GCC_NO_COMMON_BLOCKS = YES;
				GCC_WARN_64_TO_32_BIT_CONVERSION = YES;
				GCC_WARN_ABOUT_RETURN_TYPE = YES_ERROR;
				GCC_WARN_UNDECLARED_SELECTOR = YES;
				GCC_WARN_UNINITIALIZED_AUTOS = YES_AGGRESSIVE;
				GCC_WARN_UNUSED_FUNCTION = YES;
				GCC_WARN_UNUSED_VARIABLE = YES;
				IPHONEOS_DEPLOYMENT_TARGET = 13.0;
				MTL_ENABLE_DEBUG_INFO = NO;
				MTL_FAST_MATH = YES;
				SDKROOT = iphoneos;
				SWIFT_COMPILATION_MODE = wholemodule;
				SWIFT_OPTIMIZATION_LEVEL = "-O";
				VALIDATE_PRODUCT = YES;
			};
			name = Release;
		};
		1BF6DAE828CC639400A39EBA /* Debug */ = {
			isa = XCBuildConfiguration;
			buildSettings = {
				ASSETCATALOG_COMPILER_APPICON_NAME = AppIcon;
				ASSETCATALOG_COMPILER_GLOBAL_ACCENT_COLOR_NAME = AccentColor;
				CODE_SIGN_STYLE = Automatic;
				CURRENT_PROJECT_VERSION = 1;
				DEVELOPMENT_TEAM = 74L575RYQ9;
				GENERATE_INFOPLIST_FILE = YES;
				INFOPLIST_FILE = TeacherScene/Info.plist;
				INFOPLIST_KEY_UIApplicationSupportsIndirectInputEvents = YES;
				INFOPLIST_KEY_UILaunchStoryboardName = LaunchScreen;
				INFOPLIST_KEY_UISupportedInterfaceOrientations_iPad = "UIInterfaceOrientationPortrait UIInterfaceOrientationPortraitUpsideDown UIInterfaceOrientationLandscapeLeft UIInterfaceOrientationLandscapeRight";
				INFOPLIST_KEY_UISupportedInterfaceOrientations_iPhone = "UIInterfaceOrientationPortrait UIInterfaceOrientationLandscapeLeft UIInterfaceOrientationLandscapeRight";
				LD_RUNPATH_SEARCH_PATHS = (
					"$(inherited)",
					"@executable_path/Frameworks",
				);
				MARKETING_VERSION = 1.0;
				PRODUCT_BUNDLE_IDENTIFIER = maslov.TeacherScene;
				PRODUCT_NAME = "$(TARGET_NAME)";
				SWIFT_EMIT_LOC_STRINGS = YES;
				SWIFT_VERSION = 5.0;
				TARGETED_DEVICE_FAMILY = "1,2";
			};
			name = Debug;
		};
		1BF6DAE928CC639400A39EBA /* Release */ = {
			isa = XCBuildConfiguration;
			buildSettings = {
				ASSETCATALOG_COMPILER_APPICON_NAME = AppIcon;
				ASSETCATALOG_COMPILER_GLOBAL_ACCENT_COLOR_NAME = AccentColor;
				CODE_SIGN_STYLE = Automatic;
				CURRENT_PROJECT_VERSION = 1;
				DEVELOPMENT_TEAM = 74L575RYQ9;
				GENERATE_INFOPLIST_FILE = YES;
				INFOPLIST_FILE = TeacherScene/Info.plist;
				INFOPLIST_KEY_UIApplicationSupportsIndirectInputEvents = YES;
				INFOPLIST_KEY_UILaunchStoryboardName = LaunchScreen;
				INFOPLIST_KEY_UISupportedInterfaceOrientations_iPad = "UIInterfaceOrientationPortrait UIInterfaceOrientationPortraitUpsideDown UIInterfaceOrientationLandscapeLeft UIInterfaceOrientationLandscapeRight";
				INFOPLIST_KEY_UISupportedInterfaceOrientations_iPhone = "UIInterfaceOrientationPortrait UIInterfaceOrientationLandscapeLeft UIInterfaceOrientationLandscapeRight";
				LD_RUNPATH_SEARCH_PATHS = (
					"$(inherited)",
					"@executable_path/Frameworks",
				);
				MARKETING_VERSION = 1.0;
				PRODUCT_BUNDLE_IDENTIFIER = maslov.TeacherScene;
				PRODUCT_NAME = "$(TARGET_NAME)";
				SWIFT_EMIT_LOC_STRINGS = YES;
				SWIFT_VERSION = 5.0;
				TARGETED_DEVICE_FAMILY = "1,2";
			};
			name = Release;
		};
/* End XCBuildConfiguration section */

/* Begin XCConfigurationList section */
		1BF6DACE28CC639300A39EBA /* Build configuration list for PBXProject "TeacherScene" */ = {
			isa = XCConfigurationList;
			buildConfigurations = (
				1BF6DAE528CC639400A39EBA /* Debug */,
				1BF6DAE628CC639400A39EBA /* Release */,
			);
			defaultConfigurationIsVisible = 0;
			defaultConfigurationName = Release;
		};
		1BF6DAE728CC639400A39EBA /* Build configuration list for PBXNativeTarget "TeacherScene" */ = {
			isa = XCConfigurationList;
			buildConfigurations = (
				1BF6DAE828CC639400A39EBA /* Debug */,
				1BF6DAE928CC639400A39EBA /* Release */,
			);
			defaultConfigurationIsVisible = 0;
			defaultConfigurationName = Release;
		};
/* End XCConfigurationList section */

/* Begin XCRemoteSwiftPackageReference section */
		1BD5F2CE28E31546007CC6E5 /* XCRemoteSwiftPackageReference "firebase-ios-sdk" */ = {
			isa = XCRemoteSwiftPackageReference;
			repositoryURL = "https://github.com/firebase/firebase-ios-sdk";
			requirement = {
				branch = master;
				kind = branch;
			};
		};
/* End XCRemoteSwiftPackageReference section */

/* Begin XCSwiftPackageProductDependency section */
		1BD5F2CF28E31547007CC6E5 /* FirebaseDatabase */ = {
			isa = XCSwiftPackageProductDependency;
			package = 1BD5F2CE28E31546007CC6E5 /* XCRemoteSwiftPackageReference "firebase-ios-sdk" */;
			productName = FirebaseDatabase;
		};
		1BD5F2D128E31547007CC6E5 /* FirebaseDatabaseSwift */ = {
			isa = XCSwiftPackageProductDependency;
			package = 1BD5F2CE28E31546007CC6E5 /* XCRemoteSwiftPackageReference "firebase-ios-sdk" */;
			productName = FirebaseDatabaseSwift;
		};
		1BD5F2D328E31547007CC6E5 /* FirebaseFirestore */ = {
			isa = XCSwiftPackageProductDependency;
			package = 1BD5F2CE28E31546007CC6E5 /* XCRemoteSwiftPackageReference "firebase-ios-sdk" */;
			productName = FirebaseFirestore;
		};
		1BD5F2D528E31547007CC6E5 /* FirebaseFirestoreSwift */ = {
			isa = XCSwiftPackageProductDependency;
			package = 1BD5F2CE28E31546007CC6E5 /* XCRemoteSwiftPackageReference "firebase-ios-sdk" */;
			productName = FirebaseFirestoreSwift;
		};
		1BD5F2D728E31547007CC6E5 /* FirebaseStorage */ = {
			isa = XCSwiftPackageProductDependency;
			package = 1BD5F2CE28E31546007CC6E5 /* XCRemoteSwiftPackageReference "firebase-ios-sdk" */;
			productName = FirebaseStorage;
		};
/* End XCSwiftPackageProductDependency section */
	};
	rootObject = 1BF6DACB28CC639300A39EBA /* Project object */;
}
